
Microsoft Visual Studio Solution File, Format Version 12.00
# Visual Studio Version 17
VisualStudioVersion = 17.0.31903.59
MinimumVisualStudioVersion = 10.0.40219.1
Project("{2150E333-8FDC-42A3-9474-1A3956D46DE8}") = "src", "src", "{827E0CD3-B72D-47B6-A68D-7590B98EB39B}"
EndProject
Project("{FAE04EC0-301F-11D3-BF4B-00C04F79EFBC}") = "Relativa.Core", "src\Relativa.Core\Relativa.Core.csproj", "{1FA1C9F1-1CBF-40B3-BF71-6E8A89F734F2}"
EndProject
Project("{FAE04EC0-301F-11D3-BF4B-00C04F79EFBC}") = "Relativa.Core.Domain", "src\Relativa.Core.Domain\Relativa.Core.Domain.csproj", "{B1B2C3D4-1111-2222-3333-444455556666}"
EndProject
Project("{FAE04EC0-301F-11D3-BF4B-00C04F79EFBC}") = "Relativa.Core.Application", "src\Relativa.Core.Application\Relativa.Core.Application.csproj", "{B1B2C3D4-1111-2222-3333-444455557777}"
EndProject
Project("{FAE04EC0-301F-11D3-BF4B-00C04F79EFBC}") = "Relativa.Core.Infrastructure", "src\Relativa.Core.Infrastructure\Relativa.Core.Infrastructure.csproj", "{B1B2C3D4-1111-2222-3333-444455558888}"
EndProject
Project("{FAE04EC0-301F-11D3-BF4B-00C04F79EFBC}") = "Relativa.Persistence", "..\Persistence\src\Relativa.Persistence\Relativa.Persistence.csproj", "{AF08B23B-B3A8-44B4-9010-F02A00676EC9}"
EndProject
Project("{2150E333-8FDC-42A3-9474-1A3956D46DE8}") = "tests", "tests", "{0AB3BF05-4346-4AA6-1389-037BE0695223}"
EndProject
Project("{FAE04EC0-301F-11D3-BF4B-00C04F79EFBC}") = "Relativa.Core.Application.Tests", "..\Tests\Relativa.Core.Application.Tests\Relativa.Core.Application.Tests.csproj", "{B07AD247-0964-43A8-88AA-CA0318285D78}"
EndProject
Project("{FAE04EC0-301F-11D3-BF4B-00C04F79EFBC}") = "Relativa.Core.Integration.Tests", "..\Tests\Relativa.Core.Integration.Tests\Relativa.Core.Integration.Tests.csproj", "{F8DD0F6B-61A4-4FE7-B0C4-084B814C0316}"
EndProject
Global
	GlobalSection(SolutionConfigurationPlatforms) = preSolution
		Debug|Any CPU = Debug|Any CPU
		Debug|x64 = Debug|x64
		Debug|x86 = Debug|x86
		Release|Any CPU = Release|Any CPU
		Release|x64 = Release|x64
		Release|x86 = Release|x86
	EndGlobalSection
	GlobalSection(ProjectConfigurationPlatforms) = postSolution
		{1FA1C9F1-1CBF-40B3-BF71-6E8A89F734F2}.Debug|Any CPU.ActiveCfg = Debug|Any CPU
		{1FA1C9F1-1CBF-40B3-BF71-6E8A89F734F2}.Debug|Any CPU.Build.0 = Debug|Any CPU
		{1FA1C9F1-1CBF-40B3-BF71-6E8A89F734F2}.Debug|x64.ActiveCfg = Debug|Any CPU
		{1FA1C9F1-1CBF-40B3-BF71-6E8A89F734F2}.Debug|x64.Build.0 = Debug|Any CPU
		{1FA1C9F1-1CBF-40B3-BF71-6E8A89F734F2}.Debug|x86.ActiveCfg = Debug|Any CPU
		{1FA1C9F1-1CBF-40B3-BF71-6E8A89F734F2}.Debug|x86.Build.0 = Debug|Any CPU
		{1FA1C9F1-1CBF-40B3-BF71-6E8A89F734F2}.Release|Any CPU.ActiveCfg = Release|Any CPU
		{1FA1C9F1-1CBF-40B3-BF71-6E8A89F734F2}.Release|Any CPU.Build.0 = Release|Any CPU
		{1FA1C9F1-1CBF-40B3-BF71-6E8A89F734F2}.Release|x64.ActiveCfg = Release|Any CPU
		{1FA1C9F1-1CBF-40B3-BF71-6E8A89F734F2}.Release|x64.Build.0 = Release|Any CPU
		{1FA1C9F1-1CBF-40B3-BF71-6E8A89F734F2}.Release|x86.ActiveCfg = Release|Any CPU
		{1FA1C9F1-1CBF-40B3-BF71-6E8A89F734F2}.Release|x86.Build.0 = Release|Any CPU
		{B1B2C3D4-1111-2222-3333-444455556666}.Debug|Any CPU.ActiveCfg = Debug|Any CPU
		{B1B2C3D4-1111-2222-3333-444455556666}.Debug|Any CPU.Build.0 = Debug|Any CPU
		{B1B2C3D4-1111-2222-3333-444455556666}.Debug|x64.ActiveCfg = Debug|Any CPU
		{B1B2C3D4-1111-2222-3333-444455556666}.Debug|x64.Build.0 = Debug|Any CPU
		{B1B2C3D4-1111-2222-3333-444455556666}.Debug|x86.ActiveCfg = Debug|Any CPU
		{B1B2C3D4-1111-2222-3333-444455556666}.Debug|x86.Build.0 = Debug|Any CPU
		{B1B2C3D4-1111-2222-3333-444455556666}.Release|Any CPU.ActiveCfg = Release|Any CPU
		{B1B2C3D4-1111-2222-3333-444455556666}.Release|Any CPU.Build.0 = Release|Any CPU
		{B1B2C3D4-1111-2222-3333-444455556666}.Release|x64.ActiveCfg = Release|Any CPU
		{B1B2C3D4-1111-2222-3333-444455556666}.Release|x64.Build.0 = Release|Any CPU
		{B1B2C3D4-1111-2222-3333-444455556666}.Release|x86.ActiveCfg = Release|Any CPU
		{B1B2C3D4-1111-2222-3333-444455556666}.Release|x86.Build.0 = Release|Any CPU
		{B1B2C3D4-1111-2222-3333-444455557777}.Debug|Any CPU.ActiveCfg = Debug|Any CPU
		{B1B2C3D4-1111-2222-3333-444455557777}.Debug|Any CPU.Build.0 = Debug|Any CPU
		{B1B2C3D4-1111-2222-3333-444455557777}.Debug|x64.ActiveCfg = Debug|Any CPU
		{B1B2C3D4-1111-2222-3333-444455557777}.Debug|x64.Build.0 = Debug|Any CPU
		{B1B2C3D4-1111-2222-3333-444455557777}.Debug|x86.ActiveCfg = Debug|Any CPU
		{B1B2C3D4-1111-2222-3333-444455557777}.Debug|x86.Build.0 = Debug|Any CPU
		{B1B2C3D4-1111-2222-3333-444455557777}.Release|Any CPU.ActiveCfg = Release|Any CPU
		{B1B2C3D4-1111-2222-3333-444455557777}.Release|Any CPU.Build.0 = Release|Any CPU
		{B1B2C3D4-1111-2222-3333-444455557777}.Release|x64.ActiveCfg = Release|Any CPU
		{B1B2C3D4-1111-2222-3333-444455557777}.Release|x64.Build.0 = Release|Any CPU
		{B1B2C3D4-1111-2222-3333-444455557777}.Release|x86.ActiveCfg = Release|Any CPU
		{B1B2C3D4-1111-2222-3333-444455557777}.Release|x86.Build.0 = Release|Any CPU
		{B1B2C3D4-1111-2222-3333-444455558888}.Debug|Any CPU.ActiveCfg = Debug|Any CPU
		{B1B2C3D4-1111-2222-3333-444455558888}.Debug|Any CPU.Build.0 = Debug|Any CPU
		{B1B2C3D4-1111-2222-3333-444455558888}.Debug|x64.ActiveCfg = Debug|Any CPU
		{B1B2C3D4-1111-2222-3333-444455558888}.Debug|x64.Build.0 = Debug|Any CPU
		{B1B2C3D4-1111-2222-3333-444455558888}.Debug|x86.ActiveCfg = Debug|Any CPU
		{B1B2C3D4-1111-2222-3333-444455558888}.Debug|x86.Build.0 = Debug|Any CPU
		{B1B2C3D4-1111-2222-3333-444455558888}.Release|Any CPU.ActiveCfg = Release|Any CPU
		{B1B2C3D4-1111-2222-3333-444455558888}.Release|Any CPU.Build.0 = Release|Any CPU
		{B1B2C3D4-1111-2222-3333-444455558888}.Release|x64.ActiveCfg = Release|Any CPU
		{B1B2C3D4-1111-2222-3333-444455558888}.Release|x64.Build.0 = Release|Any CPU
		{B1B2C3D4-1111-2222-3333-444455558888}.Release|x86.ActiveCfg = Release|Any CPU
		{B1B2C3D4-1111-2222-3333-444455558888}.Release|x86.Build.0 = Release|Any CPU
		{AF08B23B-B3A8-44B4-9010-F02A00676EC9}.Debug|Any CPU.ActiveCfg = Debug|Any CPU
		{AF08B23B-B3A8-44B4-9010-F02A00676EC9}.Debug|Any CPU.Build.0 = Debug|Any CPU
		{AF08B23B-B3A8-44B4-9010-F02A00676EC9}.Debug|x64.ActiveCfg = Debug|Any CPU
		{AF08B23B-B3A8-44B4-9010-F02A00676EC9}.Debug|x64.Build.0 = Debug|Any CPU
		{AF08B23B-B3A8-44B4-9010-F02A00676EC9}.Debug|x86.ActiveCfg = Debug|Any CPU
		{AF08B23B-B3A8-44B4-9010-F02A00676EC9}.Debug|x86.Build.0 = Debug|Any CPU
		{AF08B23B-B3A8-44B4-9010-F02A00676EC9}.Release|Any CPU.ActiveCfg = Release|Any CPU
		{AF08B23B-B3A8-44B4-9010-F02A00676EC9}.Release|Any CPU.Build.0 = Release|Any CPU
		{AF08B23B-B3A8-44B4-9010-F02A00676EC9}.Release|x64.ActiveCfg = Release|Any CPU
		{AF08B23B-B3A8-44B4-9010-F02A00676EC9}.Release|x64.Build.0 = Release|Any CPU
		{AF08B23B-B3A8-44B4-9010-F02A00676EC9}.Release|x86.ActiveCfg = Release|Any CPU
		{AF08B23B-B3A8-44B4-9010-F02A00676EC9}.Release|x86.Build.0 = Release|Any CPU
		{B07AD247-0964-43A8-88AA-CA0318285D78}.Debug|Any CPU.ActiveCfg = Debug|Any CPU
		{B07AD247-0964-43A8-88AA-CA0318285D78}.Debug|Any CPU.Build.0 = Debug|Any CPU
		{B07AD247-0964-43A8-88AA-CA0318285D78}.Debug|x64.ActiveCfg = Debug|Any CPU
		{B07AD247-0964-43A8-88AA-CA0318285D78}.Debug|x64.Build.0 = Debug|Any CPU
		{B07AD247-0964-43A8-88AA-CA0318285D78}.Debug|x86.ActiveCfg = Debug|Any CPU
		{B07AD247-0964-43A8-88AA-CA0318285D78}.Debug|x86.Build.0 = Debug|Any CPU
		{B07AD247-0964-43A8-88AA-CA0318285D78}.Release|Any CPU.ActiveCfg = Release|Any CPU
		{B07AD247-0964-43A8-88AA-CA0318285D78}.Release|Any CPU.Build.0 = Release|Any CPU
		{B07AD247-0964-43A8-88AA-CA0318285D78}.Release|x64.ActiveCfg = Release|Any CPU
		{B07AD247-0964-43A8-88AA-CA0318285D78}.Release|x64.Build.0 = Release|Any CPU
		{B07AD247-0964-43A8-88AA-CA0318285D78}.Release|x86.ActiveCfg = Release|Any CPU
		{B07AD247-0964-43A8-88AA-CA0318285D78}.Release|x86.Build.0 = Release|Any CPU
		{F8DD0F6B-61A4-4FE7-B0C4-084B814C0316}.Debug|Any CPU.ActiveCfg = Debug|Any CPU
		{F8DD0F6B-61A4-4FE7-B0C4-084B814C0316}.Debug|Any CPU.Build.0 = Debug|Any CPU
		{F8DD0F6B-61A4-4FE7-B0C4-084B814C0316}.Debug|x64.ActiveCfg = Debug|Any CPU
		{F8DD0F6B-61A4-4FE7-B0C4-084B814C0316}.Debug|x64.Build.0 = Debug|Any CPU
		{F8DD0F6B-61A4-4FE7-B0C4-084B814C0316}.Debug|x86.ActiveCfg = Debug|Any CPU
		{F8DD0F6B-61A4-4FE7-B0C4-084B814C0316}.Debug|x86.Build.0 = Debug|Any CPU
		{F8DD0F6B-61A4-4FE7-B0C4-084B814C0316}.Release|Any CPU.ActiveCfg = Release|Any CPU
		{F8DD0F6B-61A4-4FE7-B0C4-084B814C0316}.Release|Any CPU.Build.0 = Release|Any CPU
		{F8DD0F6B-61A4-4FE7-B0C4-084B814C0316}.Release|x64.ActiveCfg = Release|Any CPU
		{F8DD0F6B-61A4-4FE7-B0C4-084B814C0316}.Release|x64.Build.0 = Release|Any CPU
		{F8DD0F6B-61A4-4FE7-B0C4-084B814C0316}.Release|x86.ActiveCfg = Release|Any CPU
		{F8DD0F6B-61A4-4FE7-B0C4-084B814C0316}.Release|x86.Build.0 = Release|Any CPU
	EndGlobalSection
	GlobalSection(SolutionProperties) = preSolution
		HideSolutionNode = FALSE
	EndGlobalSection
	GlobalSection(NestedProjects) = preSolution
		{1FA1C9F1-1CBF-40B3-BF71-6E8A89F734F2} = {827E0CD3-B72D-47B6-A68D-7590B98EB39B}
		{B1B2C3D4-1111-2222-3333-444455556666} = {827E0CD3-B72D-47B6-A68D-7590B98EB39B}
		{B1B2C3D4-1111-2222-3333-444455557777} = {827E0CD3-B72D-47B6-A68D-7590B98EB39B}
		{B1B2C3D4-1111-2222-3333-444455558888} = {827E0CD3-B72D-47B6-A68D-7590B98EB39B}
		{B07AD247-0964-43A8-88AA-CA0318285D78} = {0AB3BF05-4346-4AA6-1389-037BE0695223}
		{F8DD0F6B-61A4-4FE7-B0C4-084B814C0316} = {0AB3BF05-4346-4AA6-1389-037BE0695223}
	EndGlobalSection
EndGlobal
