
Microsoft Visual Studio Solution File, Format Version 12.00
# Visual Studio Version 17
VisualStudioVersion = 17.0.31903.59
MinimumVisualStudioVersion = 10.0.40219.1
Project("{2150E333-8FDC-42A3-9474-1A3956D46DE8}") = "src", "src", "{827E0CD3-B72D-47B6-A68D-7590B98EB39B}"
EndProject
Project("{FAE04EC0-301F-11D3-BF4B-00C04F79EFBC}") = "Relativa.Authentication", "src\Relativa.Authentication\Relativa.Authentication.csproj", "{6C4C6085-E770-4890-B31E-1F0DB0FD6B9F}"
EndProject
Project("{FAE04EC0-301F-11D3-BF4B-00C04F79EFBC}") = "Relativa.Authentication.Domain", "src\Relativa.Authentication.Domain\Relativa.Authentication.Domain.csproj", "{A1B2C3D4-1111-2222-3333-444455556666}"
EndProject
Project("{FAE04EC0-301F-11D3-BF4B-00C04F79EFBC}") = "Relativa.Authentication.Application", "src\Relativa.Authentication.Application\Relativa.Authentication.Application.csproj", "{A1B2C3D4-1111-2222-3333-444455557777}"
EndProject
Project("{FAE04EC0-301F-11D3-BF4B-00C04F79EFBC}") = "Relativa.Authentication.Infrastructure", "src\Relativa.Authentication.Infrastructure\Relativa.Authentication.Infrastructure.csproj", "{A1B2C3D4-1111-2222-3333-444455558888}"
EndProject
Project("{FAE04EC0-301F-11D3-BF4B-00C04F79EFBC}") = "Relativa.Persistence", "..\Persistence\src\Relativa.Persistence\Relativa.Persistence.csproj", "{9E2E7E10-8245-41D7-BF8A-2B75A160A4B0}"
EndProject
Project("{2150E333-8FDC-42A3-9474-1A3956D46DE8}") = "tests", "tests", "{0AB3BF05-4346-4AA6-1389-037BE0695223}"
EndProject
Project("{FAE04EC0-301F-11D3-BF4B-00C04F79EFBC}") = "Relativa.Authentication.Application.Tests", "..\Tests\Relativa.Authentication.Application.Tests\Relativa.Authentication.Application.Tests.csproj", "{7298B35F-4459-4C4F-8A78-B9833AA95743}"
EndProject
Global
	GlobalSection(SolutionConfigurationPlatforms) = preSolution
		Debug|Any CPU = Debug|Any CPU
		Debug|x64 = Debug|x64
		Debug|x86 = Debug|x86
		Release|Any CPU = Release|Any CPU
		Release|x64 = Release|x64
		Release|x86 = Release|x86
	EndGlobalSection
	GlobalSection(ProjectConfigurationPlatforms) = postSolution
		{6C4C6085-E770-4890-B31E-1F0DB0FD6B9F}.Debug|Any CPU.ActiveCfg = Debug|Any CPU
		{6C4C6085-E770-4890-B31E-1F0DB0FD6B9F}.Debug|Any CPU.Build.0 = Debug|Any CPU
		{6C4C6085-E770-4890-B31E-1F0DB0FD6B9F}.Debug|x64.ActiveCfg = Debug|Any CPU
		{6C4C6085-E770-4890-B31E-1F0DB0FD6B9F}.Debug|x64.Build.0 = Debug|Any CPU
		{6C4C6085-E770-4890-B31E-1F0DB0FD6B9F}.Debug|x86.ActiveCfg = Debug|Any CPU
		{6C4C6085-E770-4890-B31E-1F0DB0FD6B9F}.Debug|x86.Build.0 = Debug|Any CPU
		{6C4C6085-E770-4890-B31E-1F0DB0FD6B9F}.Release|Any CPU.ActiveCfg = Release|Any CPU
		{6C4C6085-E770-4890-B31E-1F0DB0FD6B9F}.Release|Any CPU.Build.0 = Release|Any CPU
		{6C4C6085-E770-4890-B31E-1F0DB0FD6B9F}.Release|x64.ActiveCfg = Release|Any CPU
		{6C4C6085-E770-4890-B31E-1F0DB0FD6B9F}.Release|x64.Build.0 = Release|Any CPU
		{6C4C6085-E770-4890-B31E-1F0DB0FD6B9F}.Release|x86.ActiveCfg = Release|Any CPU
		{6C4C6085-E770-4890-B31E-1F0DB0FD6B9F}.Release|x86.Build.0 = Release|Any CPU
		{A1B2C3D4-1111-2222-3333-444455556666}.Debug|Any CPU.ActiveCfg = Debug|Any CPU
		{A1B2C3D4-1111-2222-3333-444455556666}.Debug|Any CPU.Build.0 = Debug|Any CPU
		{A1B2C3D4-1111-2222-3333-444455556666}.Debug|x64.ActiveCfg = Debug|Any CPU
		{A1B2C3D4-1111-2222-3333-444455556666}.Debug|x64.Build.0 = Debug|Any CPU
		{A1B2C3D4-1111-2222-3333-444455556666}.Debug|x86.ActiveCfg = Debug|Any CPU
		{A1B2C3D4-1111-2222-3333-444455556666}.Debug|x86.Build.0 = Debug|Any CPU
		{A1B2C3D4-1111-2222-3333-444455556666}.Release|Any CPU.ActiveCfg = Release|Any CPU
		{A1B2C3D4-1111-2222-3333-444455556666}.Release|Any CPU.Build.0 = Release|Any CPU
		{A1B2C3D4-1111-2222-3333-444455556666}.Release|x64.ActiveCfg = Release|Any CPU
		{A1B2C3D4-1111-2222-3333-444455556666}.Release|x64.Build.0 = Release|Any CPU
		{A1B2C3D4-1111-2222-3333-444455556666}.Release|x86.ActiveCfg = Release|Any CPU
		{A1B2C3D4-1111-2222-3333-444455556666}.Release|x86.Build.0 = Release|Any CPU
		{A1B2C3D4-1111-2222-3333-444455557777}.Debug|Any CPU.ActiveCfg = Debug|Any CPU
		{A1B2C3D4-1111-2222-3333-444455557777}.Debug|Any CPU.Build.0 = Debug|Any CPU
		{A1B2C3D4-1111-2222-3333-444455557777}.Debug|x64.ActiveCfg = Debug|Any CPU
		{A1B2C3D4-1111-2222-3333-444455557777}.Debug|x64.Build.0 = Debug|Any CPU
		{A1B2C3D4-1111-2222-3333-444455557777}.Debug|x86.ActiveCfg = Debug|Any CPU
		{A1B2C3D4-1111-2222-3333-444455557777}.Debug|x86.Build.0 = Debug|Any CPU
		{A1B2C3D4-1111-2222-3333-444455557777}.Release|Any CPU.ActiveCfg = Release|Any CPU
		{A1B2C3D4-1111-2222-3333-444455557777}.Release|Any CPU.Build.0 = Release|Any CPU
		{A1B2C3D4-1111-2222-3333-444455557777}.Release|x64.ActiveCfg = Release|Any CPU
		{A1B2C3D4-1111-2222-3333-444455557777}.Release|x64.Build.0 = Release|Any CPU
		{A1B2C3D4-1111-2222-3333-444455557777}.Release|x86.ActiveCfg = Release|Any CPU
		{A1B2C3D4-1111-2222-3333-444455557777}.Release|x86.Build.0 = Release|Any CPU
		{A1B2C3D4-1111-2222-3333-444455558888}.Debug|Any CPU.ActiveCfg = Debug|Any CPU
		{A1B2C3D4-1111-2222-3333-444455558888}.Debug|Any CPU.Build.0 = Debug|Any CPU
		{A1B2C3D4-1111-2222-3333-444455558888}.Debug|x64.ActiveCfg = Debug|Any CPU
		{A1B2C3D4-1111-2222-3333-444455558888}.Debug|x64.Build.0 = Debug|Any CPU
		{A1B2C3D4-1111-2222-3333-444455558888}.Debug|x86.ActiveCfg = Debug|Any CPU
		{A1B2C3D4-1111-2222-3333-444455558888}.Debug|x86.Build.0 = Debug|Any CPU
		{A1B2C3D4-1111-2222-3333-444455558888}.Release|Any CPU.ActiveCfg = Release|Any CPU
		{A1B2C3D4-1111-2222-3333-444455558888}.Release|Any CPU.Build.0 = Release|Any CPU
		{A1B2C3D4-1111-2222-3333-444455558888}.Release|x64.ActiveCfg = Release|Any CPU
		{A1B2C3D4-1111-2222-3333-444455558888}.Release|x64.Build.0 = Release|Any CPU
		{A1B2C3D4-1111-2222-3333-444455558888}.Release|x86.ActiveCfg = Release|Any CPU
		{A1B2C3D4-1111-2222-3333-444455558888}.Release|x86.Build.0 = Release|Any CPU
		{9E2E7E10-8245-41D7-BF8A-2B75A160A4B0}.Debug|Any CPU.ActiveCfg = Debug|Any CPU
		{9E2E7E10-8245-41D7-BF8A-2B75A160A4B0}.Debug|Any CPU.Build.0 = Debug|Any CPU
		{9E2E7E10-8245-41D7-BF8A-2B75A160A4B0}.Debug|x64.ActiveCfg = Debug|Any CPU
		{9E2E7E10-8245-41D7-BF8A-2B75A160A4B0}.Debug|x64.Build.0 = Debug|Any CPU
		{9E2E7E10-8245-41D7-BF8A-2B75A160A4B0}.Debug|x86.ActiveCfg = Debug|Any CPU
		{9E2E7E10-8245-41D7-BF8A-2B75A160A4B0}.Debug|x86.Build.0 = Debug|Any CPU
		{9E2E7E10-8245-41D7-BF8A-2B75A160A4B0}.Release|Any CPU.ActiveCfg = Release|Any CPU
		{9E2E7E10-8245-41D7-BF8A-2B75A160A4B0}.Release|Any CPU.Build.0 = Release|Any CPU
		{9E2E7E10-8245-41D7-BF8A-2B75A160A4B0}.Release|x64.ActiveCfg = Release|Any CPU
		{9E2E7E10-8245-41D7-BF8A-2B75A160A4B0}.Release|x64.Build.0 = Release|Any CPU
		{9E2E7E10-8245-41D7-BF8A-2B75A160A4B0}.Release|x86.ActiveCfg = Release|Any CPU
		{9E2E7E10-8245-41D7-BF8A-2B75A160A4B0}.Release|x86.Build.0 = Release|Any CPU
		{7298B35F-4459-4C4F-8A78-B9833AA95743}.Debug|Any CPU.ActiveCfg = Debug|Any CPU
		{7298B35F-4459-4C4F-8A78-B9833AA95743}.Debug|Any CPU.Build.0 = Debug|Any CPU
		{7298B35F-4459-4C4F-8A78-B9833AA95743}.Debug|x64.ActiveCfg = Debug|Any CPU
		{7298B35F-4459-4C4F-8A78-B9833AA95743}.Debug|x64.Build.0 = Debug|Any CPU
		{7298B35F-4459-4C4F-8A78-B9833AA95743}.Debug|x86.ActiveCfg = Debug|Any CPU
		{7298B35F-4459-4C4F-8A78-B9833AA95743}.Debug|x86.Build.0 = Debug|Any CPU
		{7298B35F-4459-4C4F-8A78-B9833AA95743}.Release|Any CPU.ActiveCfg = Release|Any CPU
		{7298B35F-4459-4C4F-8A78-B9833AA95743}.Release|Any CPU.Build.0 = Release|Any CPU
		{7298B35F-4459-4C4F-8A78-B9833AA95743}.Release|x64.ActiveCfg = Release|Any CPU
		{7298B35F-4459-4C4F-8A78-B9833AA95743}.Release|x64.Build.0 = Release|Any CPU
		{7298B35F-4459-4C4F-8A78-B9833AA95743}.Release|x86.ActiveCfg = Release|Any CPU
		{7298B35F-4459-4C4F-8A78-B9833AA95743}.Release|x86.Build.0 = Release|Any CPU
	EndGlobalSection
	GlobalSection(SolutionProperties) = preSolution
		HideSolutionNode = FALSE
	EndGlobalSection
	GlobalSection(NestedProjects) = preSolution
		{6C4C6085-E770-4890-B31E-1F0DB0FD6B9F} = {827E0CD3-B72D-47B6-A68D-7590B98EB39B}
		{A1B2C3D4-1111-2222-3333-444455556666} = {827E0CD3-B72D-47B6-A68D-7590B98EB39B}
		{A1B2C3D4-1111-2222-3333-444455557777} = {827E0CD3-B72D-47B6-A68D-7590B98EB39B}
		{A1B2C3D4-1111-2222-3333-444455558888} = {827E0CD3-B72D-47B6-A68D-7590B98EB39B}
		{7298B35F-4459-4C4F-8A78-B9833AA95743} = {0AB3BF05-4346-4AA6-1389-037BE0695223}
	EndGlobalSection
EndGlobal
